
Microsoft Visual Studio Solution File, Format Version 12.00
# Visual Studio Version 17
VisualStudioVersion = 17.9.34728.123
MinimumVisualStudioVersion = 10.0.40219.1
Project("{FAE04EC0-301F-11D3-BF4B-00C04F79EFBC}") = "DotNetPlaywrightTest01", "DotNetPlaywrightTest01\DotNetPlaywrightTest01.csproj", "{4A615D72-27CE-4BE6-B9CB-BDA4479118B3}"
EndProject
Global
	GlobalSection(SolutionConfigurationPlatforms) = preSolution
		Debug|Any CPU = Debug|Any CPU
		Release|Any CPU = Release|Any CPU
	EndGlobalSection
	GlobalSection(ProjectConfigurationPlatforms) = postSolution
		{4A615D72-27CE-4BE6-B9CB-BDA4479118B3}.Debug|Any CPU.ActiveCfg = Debug|Any CPU
		{4A615D72-27CE-4BE6-B9CB-BDA4479118B3}.Debug|Any CPU.Build.0 = Debug|Any CPU
		{4A615D72-27CE-4BE6-B9CB-BDA4479118B3}.Release|Any CPU.ActiveCfg = Release|Any CPU
		{4A615D72-27CE-4BE6-B9CB-BDA4479118B3}.Release|Any CPU.Build.0 = Release|Any CPU
	EndGlobalSection
	GlobalSection(SolutionProperties) = preSolution
		HideSolutionNode = FALSE
	EndGlobalSection
	GlobalSection(ExtensibilityGlobals) = postSolution
		SolutionGuid = {2238873B-F4EE-4B41-9ADF-1439606FC46F}
	EndGlobalSection
EndGlobal
